
Microsoft Visual Studio Solution File, Format Version 12.00
# Visual Studio 14
VisualStudioVersion = 14.0.24720.0
MinimumVisualStudioVersion = 10.0.40219.1
Project("{FAE04EC0-301F-11D3-BF4B-00C04F79EFBC}") = "Module.MessageRouter.Abstractions", "MessageRouter\Module.MessageRouter.Abstractions.csproj", "{67F9D3A8-F71E-4428-913F-C37AE82CDB24}"
EndProject
Project("{FAE04EC0-301F-11D3-BF4B-00C04F79EFBC}") = "MessageRouter.Tests", "MessageRouter.Tests\MessageRouter.Tests.csproj", "{A896DE96-7F17-4B34-8FEB-CCC5EDF2CA38}"
EndProject
Project("{FAE04EC0-301F-11D3-BF4B-00C04F79EFBC}") = "MessageRouter.Simple", "MessageRouter.Simple\MessageRouter.Simple.csproj", "{43AB3F0C-6017-4BD8-9492-A952B7A8FE02}"
EndProject
Project("{FAE04EC0-301F-11D3-BF4B-00C04F79EFBC}") = "Module.MessageRouter.Desktop", "Module.MessageRouter.Desktop\Module.MessageRouter.Desktop.csproj", "{2C8FF36C-C6A7-4C06-9BBF-5FCADBA7A775}"
EndProject
Project("{FAE04EC0-301F-11D3-BF4B-00C04F79EFBC}") = "Module.MessageRouter.Mobile", "Module.MessageRouter.Mobile\Module.MessageRouter.Mobile.csproj", "{D4B6D9E1-01E1-4062-A376-46490AFFF540}"
EndProject
Global
	GlobalSection(SolutionConfigurationPlatforms) = preSolution
		Ad-Hoc|Any CPU = Ad-Hoc|Any CPU
		Ad-Hoc|ARM = Ad-Hoc|ARM
		Ad-Hoc|iPhone = Ad-Hoc|iPhone
		Ad-Hoc|iPhoneSimulator = Ad-Hoc|iPhoneSimulator
		Ad-Hoc|x86 = Ad-Hoc|x86
		AppStore|Any CPU = AppStore|Any CPU
		AppStore|ARM = AppStore|ARM
		AppStore|iPhone = AppStore|iPhone
		AppStore|iPhoneSimulator = AppStore|iPhoneSimulator
		AppStore|x86 = AppStore|x86
		Debug|Any CPU = Debug|Any CPU
		Debug|ARM = Debug|ARM
		Debug|iPhone = Debug|iPhone
		Debug|iPhoneSimulator = Debug|iPhoneSimulator
		Debug|x86 = Debug|x86
		Release|Any CPU = Release|Any CPU
		Release|ARM = Release|ARM
		Release|iPhone = Release|iPhone
		Release|iPhoneSimulator = Release|iPhoneSimulator
		Release|x86 = Release|x86
	EndGlobalSection
	GlobalSection(ProjectConfigurationPlatforms) = postSolution
		{67F9D3A8-F71E-4428-913F-C37AE82CDB24}.Ad-Hoc|Any CPU.ActiveCfg = Release|Any CPU
		{67F9D3A8-F71E-4428-913F-C37AE82CDB24}.Ad-Hoc|Any CPU.Build.0 = Release|Any CPU
		{67F9D3A8-F71E-4428-913F-C37AE82CDB24}.Ad-Hoc|ARM.ActiveCfg = Release|Any CPU
		{67F9D3A8-F71E-4428-913F-C37AE82CDB24}.Ad-Hoc|ARM.Build.0 = Release|Any CPU
		{67F9D3A8-F71E-4428-913F-C37AE82CDB24}.Ad-Hoc|iPhone.ActiveCfg = Release|Any CPU
		{67F9D3A8-F71E-4428-913F-C37AE82CDB24}.Ad-Hoc|iPhone.Build.0 = Release|Any CPU
		{67F9D3A8-F71E-4428-913F-C37AE82CDB24}.Ad-Hoc|iPhoneSimulator.ActiveCfg = Release|Any CPU
		{67F9D3A8-F71E-4428-913F-C37AE82CDB24}.Ad-Hoc|iPhoneSimulator.Build.0 = Release|Any CPU
		{67F9D3A8-F71E-4428-913F-C37AE82CDB24}.Ad-Hoc|x86.ActiveCfg = Release|Any CPU
		{67F9D3A8-F71E-4428-913F-C37AE82CDB24}.Ad-Hoc|x86.Build.0 = Release|Any CPU
		{67F9D3A8-F71E-4428-913F-C37AE82CDB24}.AppStore|Any CPU.ActiveCfg = Release|Any CPU
		{67F9D3A8-F71E-4428-913F-C37AE82CDB24}.AppStore|Any CPU.Build.0 = Release|Any CPU
		{67F9D3A8-F71E-4428-913F-C37AE82CDB24}.AppStore|ARM.ActiveCfg = Release|Any CPU
		{67F9D3A8-F71E-4428-913F-C37AE82CDB24}.AppStore|ARM.Build.0 = Release|Any CPU
		{67F9D3A8-F71E-4428-913F-C37AE82CDB24}.AppStore|iPhone.ActiveCfg = Release|Any CPU
		{67F9D3A8-F71E-4428-913F-C37AE82CDB24}.AppStore|iPhone.Build.0 = Release|Any CPU
		{67F9D3A8-F71E-4428-913F-C37AE82CDB24}.AppStore|iPhoneSimulator.ActiveCfg = Release|Any CPU
		{67F9D3A8-F71E-4428-913F-C37AE82CDB24}.AppStore|iPhoneSimulator.Build.0 = Release|Any CPU
		{67F9D3A8-F71E-4428-913F-C37AE82CDB24}.AppStore|x86.ActiveCfg = Release|Any CPU
		{67F9D3A8-F71E-4428-913F-C37AE82CDB24}.AppStore|x86.Build.0 = Release|Any CPU
		{67F9D3A8-F71E-4428-913F-C37AE82CDB24}.Debug|Any CPU.ActiveCfg = Debug|Any CPU
		{67F9D3A8-F71E-4428-913F-C37AE82CDB24}.Debug|Any CPU.Build.0 = Debug|Any CPU
		{67F9D3A8-F71E-4428-913F-C37AE82CDB24}.Debug|ARM.ActiveCfg = Debug|Any CPU
		{67F9D3A8-F71E-4428-913F-C37AE82CDB24}.Debug|ARM.Build.0 = Debug|Any CPU
		{67F9D3A8-F71E-4428-913F-C37AE82CDB24}.Debug|iPhone.ActiveCfg = Debug|Any CPU
		{67F9D3A8-F71E-4428-913F-C37AE82CDB24}.Debug|iPhone.Build.0 = Debug|Any CPU
		{67F9D3A8-F71E-4428-913F-C37AE82CDB24}.Debug|iPhoneSimulator.ActiveCfg = Debug|Any CPU
		{67F9D3A8-F71E-4428-913F-C37AE82CDB24}.Debug|iPhoneSimulator.Build.0 = Debug|Any CPU
		{67F9D3A8-F71E-4428-913F-C37AE82CDB24}.Debug|x86.ActiveCfg = Debug|Any CPU
		{67F9D3A8-F71E-4428-913F-C37AE82CDB24}.Debug|x86.Build.0 = Debug|Any CPU
		{67F9D3A8-F71E-4428-913F-C37AE82CDB24}.Release|Any CPU.ActiveCfg = Release|Any CPU
		{67F9D3A8-F71E-4428-913F-C37AE82CDB24}.Release|Any CPU.Build.0 = Release|Any CPU
		{67F9D3A8-F71E-4428-913F-C37AE82CDB24}.Release|ARM.ActiveCfg = Release|Any CPU
		{67F9D3A8-F71E-4428-913F-C37AE82CDB24}.Release|ARM.Build.0 = Release|Any CPU
		{67F9D3A8-F71E-4428-913F-C37AE82CDB24}.Release|iPhone.ActiveCfg = Release|Any CPU
		{67F9D3A8-F71E-4428-913F-C37AE82CDB24}.Release|iPhone.Build.0 = Release|Any CPU
		{67F9D3A8-F71E-4428-913F-C37AE82CDB24}.Release|iPhoneSimulator.ActiveCfg = Release|Any CPU
		{67F9D3A8-F71E-4428-913F-C37AE82CDB24}.Release|iPhoneSimulator.Build.0 = Release|Any CPU
		{67F9D3A8-F71E-4428-913F-C37AE82CDB24}.Release|x86.ActiveCfg = Release|Any CPU
		{67F9D3A8-F71E-4428-913F-C37AE82CDB24}.Release|x86.Build.0 = Release|Any CPU
		{A896DE96-7F17-4B34-8FEB-CCC5EDF2CA38}.Ad-Hoc|Any CPU.ActiveCfg = Release|Any CPU
		{A896DE96-7F17-4B34-8FEB-CCC5EDF2CA38}.Ad-Hoc|Any CPU.Build.0 = Release|Any CPU
		{A896DE96-7F17-4B34-8FEB-CCC5EDF2CA38}.Ad-Hoc|ARM.ActiveCfg = Release|Any CPU
		{A896DE96-7F17-4B34-8FEB-CCC5EDF2CA38}.Ad-Hoc|ARM.Build.0 = Release|Any CPU
		{A896DE96-7F17-4B34-8FEB-CCC5EDF2CA38}.Ad-Hoc|iPhone.ActiveCfg = Release|Any CPU
		{A896DE96-7F17-4B34-8FEB-CCC5EDF2CA38}.Ad-Hoc|iPhone.Build.0 = Release|Any CPU
		{A896DE96-7F17-4B34-8FEB-CCC5EDF2CA38}.Ad-Hoc|iPhoneSimulator.ActiveCfg = Release|Any CPU
		{A896DE96-7F17-4B34-8FEB-CCC5EDF2CA38}.Ad-Hoc|iPhoneSimulator.Build.0 = Release|Any CPU
		{A896DE96-7F17-4B34-8FEB-CCC5EDF2CA38}.Ad-Hoc|x86.ActiveCfg = Release|Any CPU
		{A896DE96-7F17-4B34-8FEB-CCC5EDF2CA38}.Ad-Hoc|x86.Build.0 = Release|Any CPU
		{A896DE96-7F17-4B34-8FEB-CCC5EDF2CA38}.AppStore|Any CPU.ActiveCfg = Release|Any CPU
		{A896DE96-7F17-4B34-8FEB-CCC5EDF2CA38}.AppStore|Any CPU.Build.0 = Release|Any CPU
		{A896DE96-7F17-4B34-8FEB-CCC5EDF2CA38}.AppStore|ARM.ActiveCfg = Release|Any CPU
		{A896DE96-7F17-4B34-8FEB-CCC5EDF2CA38}.AppStore|ARM.Build.0 = Release|Any CPU
		{A896DE96-7F17-4B34-8FEB-CCC5EDF2CA38}.AppStore|iPhone.ActiveCfg = Release|Any CPU
		{A896DE96-7F17-4B34-8FEB-CCC5EDF2CA38}.AppStore|iPhone.Build.0 = Release|Any CPU
		{A896DE96-7F17-4B34-8FEB-CCC5EDF2CA38}.AppStore|iPhoneSimulator.ActiveCfg = Release|Any CPU
		{A896DE96-7F17-4B34-8FEB-CCC5EDF2CA38}.AppStore|iPhoneSimulator.Build.0 = Release|Any CPU
		{A896DE96-7F17-4B34-8FEB-CCC5EDF2CA38}.AppStore|x86.ActiveCfg = Release|Any CPU
		{A896DE96-7F17-4B34-8FEB-CCC5EDF2CA38}.AppStore|x86.Build.0 = Release|Any CPU
		{A896DE96-7F17-4B34-8FEB-CCC5EDF2CA38}.Debug|Any CPU.ActiveCfg = Debug|Any CPU
		{A896DE96-7F17-4B34-8FEB-CCC5EDF2CA38}.Debug|Any CPU.Build.0 = Debug|Any CPU
		{A896DE96-7F17-4B34-8FEB-CCC5EDF2CA38}.Debug|ARM.ActiveCfg = Debug|Any CPU
		{A896DE96-7F17-4B34-8FEB-CCC5EDF2CA38}.Debug|ARM.Build.0 = Debug|Any CPU
		{A896DE96-7F17-4B34-8FEB-CCC5EDF2CA38}.Debug|iPhone.ActiveCfg = Debug|Any CPU
		{A896DE96-7F17-4B34-8FEB-CCC5EDF2CA38}.Debug|iPhone.Build.0 = Debug|Any CPU
		{A896DE96-7F17-4B34-8FEB-CCC5EDF2CA38}.Debug|iPhoneSimulator.ActiveCfg = Debug|Any CPU
		{A896DE96-7F17-4B34-8FEB-CCC5EDF2CA38}.Debug|iPhoneSimulator.Build.0 = Debug|Any CPU
		{A896DE96-7F17-4B34-8FEB-CCC5EDF2CA38}.Debug|x86.ActiveCfg = Debug|Any CPU
		{A896DE96-7F17-4B34-8FEB-CCC5EDF2CA38}.Debug|x86.Build.0 = Debug|Any CPU
		{A896DE96-7F17-4B34-8FEB-CCC5EDF2CA38}.Release|Any CPU.ActiveCfg = Release|Any CPU
		{A896DE96-7F17-4B34-8FEB-CCC5EDF2CA38}.Release|Any CPU.Build.0 = Release|Any CPU
		{A896DE96-7F17-4B34-8FEB-CCC5EDF2CA38}.Release|ARM.ActiveCfg = Release|Any CPU
		{A896DE96-7F17-4B34-8FEB-CCC5EDF2CA38}.Release|ARM.Build.0 = Release|Any CPU
		{A896DE96-7F17-4B34-8FEB-CCC5EDF2CA38}.Release|iPhone.ActiveCfg = Release|Any CPU
		{A896DE96-7F17-4B34-8FEB-CCC5EDF2CA38}.Release|iPhone.Build.0 = Release|Any CPU
		{A896DE96-7F17-4B34-8FEB-CCC5EDF2CA38}.Release|iPhoneSimulator.ActiveCfg = Release|Any CPU
		{A896DE96-7F17-4B34-8FEB-CCC5EDF2CA38}.Release|iPhoneSimulator.Build.0 = Release|Any CPU
		{A896DE96-7F17-4B34-8FEB-CCC5EDF2CA38}.Release|x86.ActiveCfg = Release|Any CPU
		{A896DE96-7F17-4B34-8FEB-CCC5EDF2CA38}.Release|x86.Build.0 = Release|Any CPU
		{43AB3F0C-6017-4BD8-9492-A952B7A8FE02}.Ad-Hoc|Any CPU.ActiveCfg = Release|Any CPU
		{43AB3F0C-6017-4BD8-9492-A952B7A8FE02}.Ad-Hoc|Any CPU.Build.0 = Release|Any CPU
		{43AB3F0C-6017-4BD8-9492-A952B7A8FE02}.Ad-Hoc|ARM.ActiveCfg = Release|Any CPU
		{43AB3F0C-6017-4BD8-9492-A952B7A8FE02}.Ad-Hoc|ARM.Build.0 = Release|Any CPU
		{43AB3F0C-6017-4BD8-9492-A952B7A8FE02}.Ad-Hoc|iPhone.ActiveCfg = Release|Any CPU
		{43AB3F0C-6017-4BD8-9492-A952B7A8FE02}.Ad-Hoc|iPhone.Build.0 = Release|Any CPU
		{43AB3F0C-6017-4BD8-9492-A952B7A8FE02}.Ad-Hoc|iPhoneSimulator.ActiveCfg = Release|Any CPU
		{43AB3F0C-6017-4BD8-9492-A952B7A8FE02}.Ad-Hoc|iPhoneSimulator.Build.0 = Release|Any CPU
		{43AB3F0C-6017-4BD8-9492-A952B7A8FE02}.Ad-Hoc|x86.ActiveCfg = Release|Any CPU
		{43AB3F0C-6017-4BD8-9492-A952B7A8FE02}.Ad-Hoc|x86.Build.0 = Release|Any CPU
		{43AB3F0C-6017-4BD8-9492-A952B7A8FE02}.AppStore|Any CPU.ActiveCfg = Release|Any CPU
		{43AB3F0C-6017-4BD8-9492-A952B7A8FE02}.AppStore|Any CPU.Build.0 = Release|Any CPU
		{43AB3F0C-6017-4BD8-9492-A952B7A8FE02}.AppStore|ARM.ActiveCfg = Release|Any CPU
		{43AB3F0C-6017-4BD8-9492-A952B7A8FE02}.AppStore|ARM.Build.0 = Release|Any CPU
		{43AB3F0C-6017-4BD8-9492-A952B7A8FE02}.AppStore|iPhone.ActiveCfg = Release|Any CPU
		{43AB3F0C-6017-4BD8-9492-A952B7A8FE02}.AppStore|iPhone.Build.0 = Release|Any CPU
		{43AB3F0C-6017-4BD8-9492-A952B7A8FE02}.AppStore|iPhoneSimulator.ActiveCfg = Release|Any CPU
		{43AB3F0C-6017-4BD8-9492-A952B7A8FE02}.AppStore|iPhoneSimulator.Build.0 = Release|Any CPU
		{43AB3F0C-6017-4BD8-9492-A952B7A8FE02}.AppStore|x86.ActiveCfg = Release|Any CPU
		{43AB3F0C-6017-4BD8-9492-A952B7A8FE02}.AppStore|x86.Build.0 = Release|Any CPU
		{43AB3F0C-6017-4BD8-9492-A952B7A8FE02}.Debug|Any CPU.ActiveCfg = Debug|Any CPU
		{43AB3F0C-6017-4BD8-9492-A952B7A8FE02}.Debug|Any CPU.Build.0 = Debug|Any CPU
		{43AB3F0C-6017-4BD8-9492-A952B7A8FE02}.Debug|ARM.ActiveCfg = Debug|Any CPU
		{43AB3F0C-6017-4BD8-9492-A952B7A8FE02}.Debug|ARM.Build.0 = Debug|Any CPU
		{43AB3F0C-6017-4BD8-9492-A952B7A8FE02}.Debug|iPhone.ActiveCfg = Debug|Any CPU
		{43AB3F0C-6017-4BD8-9492-A952B7A8FE02}.Debug|iPhone.Build.0 = Debug|Any CPU
		{43AB3F0C-6017-4BD8-9492-A952B7A8FE02}.Debug|iPhoneSimulator.ActiveCfg = Debug|Any CPU
		{43AB3F0C-6017-4BD8-9492-A952B7A8FE02}.Debug|iPhoneSimulator.Build.0 = Debug|Any CPU
		{43AB3F0C-6017-4BD8-9492-A952B7A8FE02}.Debug|x86.ActiveCfg = Debug|Any CPU
		{43AB3F0C-6017-4BD8-9492-A952B7A8FE02}.Debug|x86.Build.0 = Debug|Any CPU
		{43AB3F0C-6017-4BD8-9492-A952B7A8FE02}.Release|Any CPU.ActiveCfg = Release|Any CPU
		{43AB3F0C-6017-4BD8-9492-A952B7A8FE02}.Release|Any CPU.Build.0 = Release|Any CPU
		{43AB3F0C-6017-4BD8-9492-A952B7A8FE02}.Release|ARM.ActiveCfg = Release|Any CPU
		{43AB3F0C-6017-4BD8-9492-A952B7A8FE02}.Release|ARM.Build.0 = Release|Any CPU
		{43AB3F0C-6017-4BD8-9492-A952B7A8FE02}.Release|iPhone.ActiveCfg = Release|Any CPU
		{43AB3F0C-6017-4BD8-9492-A952B7A8FE02}.Release|iPhone.Build.0 = Release|Any CPU
		{43AB3F0C-6017-4BD8-9492-A952B7A8FE02}.Release|iPhoneSimulator.ActiveCfg = Release|Any CPU
		{43AB3F0C-6017-4BD8-9492-A952B7A8FE02}.Release|iPhoneSimulator.Build.0 = Release|Any CPU
		{43AB3F0C-6017-4BD8-9492-A952B7A8FE02}.Release|x86.ActiveCfg = Release|Any CPU
		{43AB3F0C-6017-4BD8-9492-A952B7A8FE02}.Release|x86.Build.0 = Release|Any CPU
		{2C8FF36C-C6A7-4C06-9BBF-5FCADBA7A775}.Ad-Hoc|Any CPU.ActiveCfg = Release|Any CPU
		{2C8FF36C-C6A7-4C06-9BBF-5FCADBA7A775}.Ad-Hoc|Any CPU.Build.0 = Release|Any CPU
		{2C8FF36C-C6A7-4C06-9BBF-5FCADBA7A775}.Ad-Hoc|ARM.ActiveCfg = Release|Any CPU
		{2C8FF36C-C6A7-4C06-9BBF-5FCADBA7A775}.Ad-Hoc|ARM.Build.0 = Release|Any CPU
		{2C8FF36C-C6A7-4C06-9BBF-5FCADBA7A775}.Ad-Hoc|iPhone.ActiveCfg = Release|Any CPU
		{2C8FF36C-C6A7-4C06-9BBF-5FCADBA7A775}.Ad-Hoc|iPhone.Build.0 = Release|Any CPU
		{2C8FF36C-C6A7-4C06-9BBF-5FCADBA7A775}.Ad-Hoc|iPhoneSimulator.ActiveCfg = Release|Any CPU
		{2C8FF36C-C6A7-4C06-9BBF-5FCADBA7A775}.Ad-Hoc|iPhoneSimulator.Build.0 = Release|Any CPU
		{2C8FF36C-C6A7-4C06-9BBF-5FCADBA7A775}.Ad-Hoc|x86.ActiveCfg = Release|Any CPU
		{2C8FF36C-C6A7-4C06-9BBF-5FCADBA7A775}.Ad-Hoc|x86.Build.0 = Release|Any CPU
		{2C8FF36C-C6A7-4C06-9BBF-5FCADBA7A775}.AppStore|Any CPU.ActiveCfg = Release|Any CPU
		{2C8FF36C-C6A7-4C06-9BBF-5FCADBA7A775}.AppStore|Any CPU.Build.0 = Release|Any CPU
		{2C8FF36C-C6A7-4C06-9BBF-5FCADBA7A775}.AppStore|ARM.ActiveCfg = Release|Any CPU
		{2C8FF36C-C6A7-4C06-9BBF-5FCADBA7A775}.AppStore|ARM.Build.0 = Release|Any CPU
		{2C8FF36C-C6A7-4C06-9BBF-5FCADBA7A775}.AppStore|iPhone.ActiveCfg = Release|Any CPU
		{2C8FF36C-C6A7-4C06-9BBF-5FCADBA7A775}.AppStore|iPhone.Build.0 = Release|Any CPU
		{2C8FF36C-C6A7-4C06-9BBF-5FCADBA7A775}.AppStore|iPhoneSimulator.ActiveCfg = Release|Any CPU
		{2C8FF36C-C6A7-4C06-9BBF-5FCADBA7A775}.AppStore|iPhoneSimulator.Build.0 = Release|Any CPU
		{2C8FF36C-C6A7-4C06-9BBF-5FCADBA7A775}.AppStore|x86.ActiveCfg = Release|Any CPU
		{2C8FF36C-C6A7-4C06-9BBF-5FCADBA7A775}.AppStore|x86.Build.0 = Release|Any CPU
		{2C8FF36C-C6A7-4C06-9BBF-5FCADBA7A775}.Debug|Any CPU.ActiveCfg = Debug|Any CPU
		{2C8FF36C-C6A7-4C06-9BBF-5FCADBA7A775}.Debug|Any CPU.Build.0 = Debug|Any CPU
		{2C8FF36C-C6A7-4C06-9BBF-5FCADBA7A775}.Debug|ARM.ActiveCfg = Debug|Any CPU
		{2C8FF36C-C6A7-4C06-9BBF-5FCADBA7A775}.Debug|ARM.Build.0 = Debug|Any CPU
		{2C8FF36C-C6A7-4C06-9BBF-5FCADBA7A775}.Debug|iPhone.ActiveCfg = Debug|Any CPU
		{2C8FF36C-C6A7-4C06-9BBF-5FCADBA7A775}.Debug|iPhone.Build.0 = Debug|Any CPU
		{2C8FF36C-C6A7-4C06-9BBF-5FCADBA7A775}.Debug|iPhoneSimulator.ActiveCfg = Debug|Any CPU
		{2C8FF36C-C6A7-4C06-9BBF-5FCADBA7A775}.Debug|iPhoneSimulator.Build.0 = Debug|Any CPU
		{2C8FF36C-C6A7-4C06-9BBF-5FCADBA7A775}.Debug|x86.ActiveCfg = Debug|Any CPU
		{2C8FF36C-C6A7-4C06-9BBF-5FCADBA7A775}.Debug|x86.Build.0 = Debug|Any CPU
		{2C8FF36C-C6A7-4C06-9BBF-5FCADBA7A775}.Release|Any CPU.ActiveCfg = Release|Any CPU
		{2C8FF36C-C6A7-4C06-9BBF-5FCADBA7A775}.Release|Any CPU.Build.0 = Release|Any CPU
		{2C8FF36C-C6A7-4C06-9BBF-5FCADBA7A775}.Release|ARM.ActiveCfg = Release|Any CPU
		{2C8FF36C-C6A7-4C06-9BBF-5FCADBA7A775}.Release|ARM.Build.0 = Release|Any CPU
		{2C8FF36C-C6A7-4C06-9BBF-5FCADBA7A775}.Release|iPhone.ActiveCfg = Release|Any CPU
		{2C8FF36C-C6A7-4C06-9BBF-5FCADBA7A775}.Release|iPhone.Build.0 = Release|Any CPU
		{2C8FF36C-C6A7-4C06-9BBF-5FCADBA7A775}.Release|iPhoneSimulator.ActiveCfg = Release|Any CPU
		{2C8FF36C-C6A7-4C06-9BBF-5FCADBA7A775}.Release|iPhoneSimulator.Build.0 = Release|Any CPU
		{2C8FF36C-C6A7-4C06-9BBF-5FCADBA7A775}.Release|x86.ActiveCfg = Release|Any CPU
		{2C8FF36C-C6A7-4C06-9BBF-5FCADBA7A775}.Release|x86.Build.0 = Release|Any CPU
		{D4B6D9E1-01E1-4062-A376-46490AFFF540}.Ad-Hoc|Any CPU.ActiveCfg = Release|Any CPU
		{D4B6D9E1-01E1-4062-A376-46490AFFF540}.Ad-Hoc|Any CPU.Build.0 = Release|Any CPU
		{D4B6D9E1-01E1-4062-A376-46490AFFF540}.Ad-Hoc|ARM.ActiveCfg = Release|Any CPU
		{D4B6D9E1-01E1-4062-A376-46490AFFF540}.Ad-Hoc|ARM.Build.0 = Release|Any CPU
		{D4B6D9E1-01E1-4062-A376-46490AFFF540}.Ad-Hoc|iPhone.ActiveCfg = Release|Any CPU
		{D4B6D9E1-01E1-4062-A376-46490AFFF540}.Ad-Hoc|iPhone.Build.0 = Release|Any CPU
		{D4B6D9E1-01E1-4062-A376-46490AFFF540}.Ad-Hoc|iPhoneSimulator.ActiveCfg = Release|Any CPU
		{D4B6D9E1-01E1-4062-A376-46490AFFF540}.Ad-Hoc|iPhoneSimulator.Build.0 = Release|Any CPU
		{D4B6D9E1-01E1-4062-A376-46490AFFF540}.Ad-Hoc|x86.ActiveCfg = Release|Any CPU
		{D4B6D9E1-01E1-4062-A376-46490AFFF540}.Ad-Hoc|x86.Build.0 = Release|Any CPU
		{D4B6D9E1-01E1-4062-A376-46490AFFF540}.AppStore|Any CPU.ActiveCfg = Release|Any CPU
		{D4B6D9E1-01E1-4062-A376-46490AFFF540}.AppStore|Any CPU.Build.0 = Release|Any CPU
		{D4B6D9E1-01E1-4062-A376-46490AFFF540}.AppStore|ARM.ActiveCfg = Release|Any CPU
		{D4B6D9E1-01E1-4062-A376-46490AFFF540}.AppStore|ARM.Build.0 = Release|Any CPU
		{D4B6D9E1-01E1-4062-A376-46490AFFF540}.AppStore|iPhone.ActiveCfg = Release|Any CPU
		{D4B6D9E1-01E1-4062-A376-46490AFFF540}.AppStore|iPhone.Build.0 = Release|Any CPU
		{D4B6D9E1-01E1-4062-A376-46490AFFF540}.AppStore|iPhoneSimulator.ActiveCfg = Release|Any CPU
		{D4B6D9E1-01E1-4062-A376-46490AFFF540}.AppStore|iPhoneSimulator.Build.0 = Release|Any CPU
		{D4B6D9E1-01E1-4062-A376-46490AFFF540}.AppStore|x86.ActiveCfg = Release|Any CPU
		{D4B6D9E1-01E1-4062-A376-46490AFFF540}.AppStore|x86.Build.0 = Release|Any CPU
		{D4B6D9E1-01E1-4062-A376-46490AFFF540}.Debug|Any CPU.ActiveCfg = Debug|Any CPU
		{D4B6D9E1-01E1-4062-A376-46490AFFF540}.Debug|Any CPU.Build.0 = Debug|Any CPU
		{D4B6D9E1-01E1-4062-A376-46490AFFF540}.Debug|ARM.ActiveCfg = Debug|Any CPU
		{D4B6D9E1-01E1-4062-A376-46490AFFF540}.Debug|ARM.Build.0 = Debug|Any CPU
		{D4B6D9E1-01E1-4062-A376-46490AFFF540}.Debug|iPhone.ActiveCfg = Debug|Any CPU
		{D4B6D9E1-01E1-4062-A376-46490AFFF540}.Debug|iPhone.Build.0 = Debug|Any CPU
		{D4B6D9E1-01E1-4062-A376-46490AFFF540}.Debug|iPhoneSimulator.ActiveCfg = Debug|Any CPU
		{D4B6D9E1-01E1-4062-A376-46490AFFF540}.Debug|iPhoneSimulator.Build.0 = Debug|Any CPU
		{D4B6D9E1-01E1-4062-A376-46490AFFF540}.Debug|x86.ActiveCfg = Debug|Any CPU
		{D4B6D9E1-01E1-4062-A376-46490AFFF540}.Debug|x86.Build.0 = Debug|Any CPU
		{D4B6D9E1-01E1-4062-A376-46490AFFF540}.Release|Any CPU.ActiveCfg = Release|Any CPU
		{D4B6D9E1-01E1-4062-A376-46490AFFF540}.Release|Any CPU.Build.0 = Release|Any CPU
		{D4B6D9E1-01E1-4062-A376-46490AFFF540}.Release|ARM.ActiveCfg = Release|Any CPU
		{D4B6D9E1-01E1-4062-A376-46490AFFF540}.Release|ARM.Build.0 = Release|Any CPU
		{D4B6D9E1-01E1-4062-A376-46490AFFF540}.Release|iPhone.ActiveCfg = Release|Any CPU
		{D4B6D9E1-01E1-4062-A376-46490AFFF540}.Release|iPhone.Build.0 = Release|Any CPU
		{D4B6D9E1-01E1-4062-A376-46490AFFF540}.Release|iPhoneSimulator.ActiveCfg = Release|Any CPU
		{D4B6D9E1-01E1-4062-A376-46490AFFF540}.Release|iPhoneSimulator.Build.0 = Release|Any CPU
		{D4B6D9E1-01E1-4062-A376-46490AFFF540}.Release|x86.ActiveCfg = Release|Any CPU
		{D4B6D9E1-01E1-4062-A376-46490AFFF540}.Release|x86.Build.0 = Release|Any CPU
	EndGlobalSection
	GlobalSection(SolutionProperties) = preSolution
		HideSolutionNode = FALSE
	EndGlobalSection
EndGlobal
